
Microsoft Visual Studio Solution File, Format Version 12.00
# Visual Studio Version 17
VisualStudioVersion = 17.5.33516.290
MinimumVisualStudioVersion = 10.0.40219.1
Project("{8BC9CEB8-8B4A-11D0-8D11-00A0C91BC942}") = "CrossOut", "CrossOut\CrossOut.vcxproj", "{E3D67514-4D21-4C2C-849C-2EABF7BC74E7}"
EndProject
Project("{8BC9CEB8-8B4A-11D0-8D11-00A0C91BC942}") = "SlitherOut", "SlitherOut\SlitherOut.vcxproj", "{B12F716E-DF32-4A1E-B1A0-1DC09031180A}"
EndProject
Project("{8BC9CEB8-8B4A-11D0-8D11-00A0C91BC942}") = "PongPong", "PongPong\PongPong.vcxproj", "{206E20A8-7D4C-49C6-8BEF-78F2AF0C10CC}"
EndProject
Global
	GlobalSection(SolutionConfigurationPlatforms) = preSolution
		Debug|x64 = Debug|x64
		Debug|x86 = Debug|x86
		Release|x64 = Release|x64
		Release|x86 = Release|x86
	EndGlobalSection
	GlobalSection(ProjectConfigurationPlatforms) = postSolution
		{E3D67514-4D21-4C2C-849C-2EABF7BC74E7}.Debug|x64.ActiveCfg = Debug|x64
		{E3D67514-4D21-4C2C-849C-2EABF7BC74E7}.Debug|x64.Build.0 = Debug|x64
		{E3D67514-4D21-4C2C-849C-2EABF7BC74E7}.Debug|x86.ActiveCfg = Debug|Win32
		{E3D67514-4D21-4C2C-849C-2EABF7BC74E7}.Debug|x86.Build.0 = Debug|Win32
		{E3D67514-4D21-4C2C-849C-2EABF7BC74E7}.Release|x64.ActiveCfg = Release|x64
		{E3D67514-4D21-4C2C-849C-2EABF7BC74E7}.Release|x64.Build.0 = Release|x64
		{E3D67514-4D21-4C2C-849C-2EABF7BC74E7}.Release|x86.ActiveCfg = Release|Win32
		{E3D67514-4D21-4C2C-849C-2EABF7BC74E7}.Release|x86.Build.0 = Release|Win32
		{B12F716E-DF32-4A1E-B1A0-1DC09031180A}.Debug|x64.ActiveCfg = Debug|x64
		{B12F716E-DF32-4A1E-B1A0-1DC09031180A}.Debug|x64.Build.0 = Debug|x64
		{B12F716E-DF32-4A1E-B1A0-1DC09031180A}.Debug|x86.ActiveCfg = Debug|Win32
		{B12F716E-DF32-4A1E-B1A0-1DC09031180A}.Debug|x86.Build.0 = Debug|Win32
		{B12F716E-DF32-4A1E-B1A0-1DC09031180A}.Release|x64.ActiveCfg = Release|x64
		{B12F716E-DF32-4A1E-B1A0-1DC09031180A}.Release|x64.Build.0 = Release|x64
		{B12F716E-DF32-4A1E-B1A0-1DC09031180A}.Release|x86.ActiveCfg = Release|Win32
		{B12F716E-DF32-4A1E-B1A0-1DC09031180A}.Release|x86.Build.0 = Release|Win32
		{206E20A8-7D4C-49C6-8BEF-78F2AF0C10CC}.Debug|x64.ActiveCfg = Debug|x64
		{206E20A8-7D4C-49C6-8BEF-78F2AF0C10CC}.Debug|x64.Build.0 = Debug|x64
		{206E20A8-7D4C-49C6-8BEF-78F2AF0C10CC}.Debug|x86.ActiveCfg = Debug|Win32
		{206E20A8-7D4C-49C6-8BEF-78F2AF0C10CC}.Debug|x86.Build.0 = Debug|Win32
		{206E20A8-7D4C-49C6-8BEF-78F2AF0C10CC}.Release|x64.ActiveCfg = Release|x64
		{206E20A8-7D4C-49C6-8BEF-78F2AF0C10CC}.Release|x64.Build.0 = Release|x64
		{206E20A8-7D4C-49C6-8BEF-78F2AF0C10CC}.Release|x86.ActiveCfg = Release|Win32
		{206E20A8-7D4C-49C6-8BEF-78F2AF0C10CC}.Release|x86.Build.0 = Release|Win32
	EndGlobalSection
	GlobalSection(SolutionProperties) = preSolution
		HideSolutionNode = FALSE
	EndGlobalSection
	GlobalSection(ExtensibilityGlobals) = postSolution
		SolutionGuid = {039C761E-5818-4F3F-8130-F887D4D6E368}
	EndGlobalSection
EndGlobal
